
Microsoft Visual Studio Solution File, Format Version 12.00
# Visual Studio 15
VisualStudioVersion = 15.0.28307.106
MinimumVisualStudioVersion = 10.0.40219.1
Project("{FAE04EC0-301F-11D3-BF4B-00C04F79EFBC}") = "PROBLEMA_1", "PROBLEMA_1\PROBLEMA_1.csproj", "{76EECD53-42AD-4B2E-9167-67821A67A088}"
EndProject
Project("{FAE04EC0-301F-11D3-BF4B-00C04F79EFBC}") = "PROBLEMA_2", "PROBLEMA_2\PROBLEMA_2.csproj", "{52CCD4D7-1585-4441-B578-42347C87B617}"
EndProject
Project("{FAE04EC0-301F-11D3-BF4B-00C04F79EFBC}") = "PROBLEMA_3", "PROBLEMA_3\PROBLEMA_3.csproj", "{8575F8A1-070C-4041-B651-05DAC0328010}"
EndProject
Project("{FAE04EC0-301F-11D3-BF4B-00C04F79EFBC}") = "PROBLEMA_4", "PROBLEMA_4\PROBLEMA_4.csproj", "{BE89F8FA-B063-43B5-9BC9-4091BE9A8317}"
EndProject
Global
	GlobalSection(SolutionConfigurationPlatforms) = preSolution
		Debug|Any CPU = Debug|Any CPU
		Release|Any CPU = Release|Any CPU
	EndGlobalSection
	GlobalSection(ProjectConfigurationPlatforms) = postSolution
		{76EECD53-42AD-4B2E-9167-67821A67A088}.Debug|Any CPU.ActiveCfg = Debug|Any CPU
		{76EECD53-42AD-4B2E-9167-67821A67A088}.Debug|Any CPU.Build.0 = Debug|Any CPU
		{76EECD53-42AD-4B2E-9167-67821A67A088}.Release|Any CPU.ActiveCfg = Release|Any CPU
		{76EECD53-42AD-4B2E-9167-67821A67A088}.Release|Any CPU.Build.0 = Release|Any CPU
		{52CCD4D7-1585-4441-B578-42347C87B617}.Debug|Any CPU.ActiveCfg = Debug|Any CPU
		{52CCD4D7-1585-4441-B578-42347C87B617}.Debug|Any CPU.Build.0 = Debug|Any CPU
		{52CCD4D7-1585-4441-B578-42347C87B617}.Release|Any CPU.ActiveCfg = Release|Any CPU
		{52CCD4D7-1585-4441-B578-42347C87B617}.Release|Any CPU.Build.0 = Release|Any CPU
		{8575F8A1-070C-4041-B651-05DAC0328010}.Debug|Any CPU.ActiveCfg = Debug|Any CPU
		{8575F8A1-070C-4041-B651-05DAC0328010}.Debug|Any CPU.Build.0 = Debug|Any CPU
		{8575F8A1-070C-4041-B651-05DAC0328010}.Release|Any CPU.ActiveCfg = Release|Any CPU
		{8575F8A1-070C-4041-B651-05DAC0328010}.Release|Any CPU.Build.0 = Release|Any CPU
		{BE89F8FA-B063-43B5-9BC9-4091BE9A8317}.Debug|Any CPU.ActiveCfg = Debug|Any CPU
		{BE89F8FA-B063-43B5-9BC9-4091BE9A8317}.Debug|Any CPU.Build.0 = Debug|Any CPU
		{BE89F8FA-B063-43B5-9BC9-4091BE9A8317}.Release|Any CPU.ActiveCfg = Release|Any CPU
		{BE89F8FA-B063-43B5-9BC9-4091BE9A8317}.Release|Any CPU.Build.0 = Release|Any CPU
	EndGlobalSection
	GlobalSection(SolutionProperties) = preSolution
		HideSolutionNode = FALSE
	EndGlobalSection
	GlobalSection(ExtensibilityGlobals) = postSolution
		SolutionGuid = {05F0BFE0-5646-4C7F-B834-7336939E83BC}
	EndGlobalSection
EndGlobal
